
Microsoft Visual Studio Solution File, Format Version 12.00
# Visual Studio Version 17
VisualStudioVersion = 17.9.34310.174
MinimumVisualStudioVersion = 10.0.40219.1
Project("{888888A0-9F3D-457C-B088-3A5042F75D52}") = "ChikChikBot", "ChikChikBot.pyproj", "{312C207F-B2A6-4D7A-826C-F7B33A01800A}"
EndProject
Global
	GlobalSection(SolutionConfigurationPlatforms) = preSolution
		Debug|Any CPU = Debug|Any CPU
		Release|Any CPU = Release|Any CPU
	EndGlobalSection
	GlobalSection(ProjectConfigurationPlatforms) = postSolution
		{312C207F-B2A6-4D7A-826C-F7B33A01800A}.Debug|Any CPU.ActiveCfg = Debug|Any CPU
		{312C207F-B2A6-4D7A-826C-F7B33A01800A}.Release|Any CPU.ActiveCfg = Release|Any CPU
	EndGlobalSection
	GlobalSection(SolutionProperties) = preSolution
		HideSolutionNode = FALSE
	EndGlobalSection
	GlobalSection(ExtensibilityGlobals) = postSolution
		SolutionGuid = {798E10D0-98B4-4222-804E-461FB3EAB035}
	EndGlobalSection
EndGlobal
